
Microsoft Visual Studio Solution File, Format Version 12.00
# Visual Studio Version 17
VisualStudioVersion = 17.14.36310.24 d17.14
MinimumVisualStudioVersion = 10.0.40219.1
Project("{FAE04EC0-301F-11D3-BF4B-00C04F79EFBC}") = "Zongsoft.Diagnostics.Protocols.Server", "src\Zongsoft.Diagnostics.Protocols.Server.csproj", "{070455C2-5C73-4322-99D0-E501FD38DCD1}"
EndProject
Global
	GlobalSection(SolutionConfigurationPlatforms) = preSolution
		Debug|Any CPU = Debug|Any CPU
		Release|Any CPU = Release|Any CPU
	EndGlobalSection
	GlobalSection(ProjectConfigurationPlatforms) = postSolution
		{070455C2-5C73-4322-99D0-E501FD38DCD1}.Debug|Any CPU.ActiveCfg = Debug|Any CPU
		{070455C2-5C73-4322-99D0-E501FD38DCD1}.Debug|Any CPU.Build.0 = Debug|Any CPU
		{070455C2-5C73-4322-99D0-E501FD38DCD1}.Release|Any CPU.ActiveCfg = Release|Any CPU
		{070455C2-5C73-4322-99D0-E501FD38DCD1}.Release|Any CPU.Build.0 = Release|Any CPU
	EndGlobalSection
	GlobalSection(SolutionProperties) = preSolution
		HideSolutionNode = FALSE
	EndGlobalSection
	GlobalSection(ExtensibilityGlobals) = postSolution
		SolutionGuid = {C22FDC3B-AD44-49C6-9513-62711B1FBBE8}
	EndGlobalSection
EndGlobal
