<Solution>
	<Project Path="src/Zongsoft.Messaging.Mqtt.csproj" />
	<Project Path="test/Zongsoft.Messaging.Mqtt.Tests.csproj" />

	<Folder Name="/samples/">
		<Project Path="samples/client/Zongsoft.Messaging.Mqtt.Samples.Client.csproj" />
		<Project Path="samples/server/Zongsoft.Messaging.Mqtt.Samples.Server.csproj" />
	</Folder>
</Solution>
