
Microsoft Visual Studio Solution File, Format Version 12.00
# Visual Studio Version 17
VisualStudioVersion = 17.12.35514.174
MinimumVisualStudioVersion = 10.0.40219.1
Project("{FAE04EC0-301F-11D3-BF4B-00C04F79EFBC}") = "Zongsoft.Messaging.Mqtt", "src\Zongsoft.Messaging.Mqtt.csproj", "{66A47B19-9EB2-4C52-B065-4B2A8060745A}"
EndProject
Project("{FAE04EC0-301F-11D3-BF4B-00C04F79EFBC}") = "Zongsoft.Messaging.Mqtt.Tests", "test\Zongsoft.Messaging.Mqtt.Tests.csproj", "{476CE90D-C7A7-41F0-87DA-A003F46819D8}"
EndProject
Project("{FAE04EC0-301F-11D3-BF4B-00C04F79EFBC}") = "Zongsoft.Messaging.Mqtt.Samples", "samples\Zongsoft.Messaging.Mqtt.Samples.csproj", "{C998A2AC-BD65-4DA3-8C04-B43C63988362}"
	ProjectSection(ProjectDependencies) = postProject
		{66A47B19-9EB2-4C52-B065-4B2A8060745A} = {66A47B19-9EB2-4C52-B065-4B2A8060745A}
	EndProjectSection
EndProject
Global
	GlobalSection(SolutionConfigurationPlatforms) = preSolution
		Debug|Any CPU = Debug|Any CPU
		Release|Any CPU = Release|Any CPU
	EndGlobalSection
	GlobalSection(ProjectConfigurationPlatforms) = postSolution
		{66A47B19-9EB2-4C52-B065-4B2A8060745A}.Debug|Any CPU.ActiveCfg = Debug|Any CPU
		{66A47B19-9EB2-4C52-B065-4B2A8060745A}.Debug|Any CPU.Build.0 = Debug|Any CPU
		{66A47B19-9EB2-4C52-B065-4B2A8060745A}.Release|Any CPU.ActiveCfg = Release|Any CPU
		{66A47B19-9EB2-4C52-B065-4B2A8060745A}.Release|Any CPU.Build.0 = Release|Any CPU
		{476CE90D-C7A7-41F0-87DA-A003F46819D8}.Debug|Any CPU.ActiveCfg = Debug|Any CPU
		{476CE90D-C7A7-41F0-87DA-A003F46819D8}.Debug|Any CPU.Build.0 = Debug|Any CPU
		{476CE90D-C7A7-41F0-87DA-A003F46819D8}.Release|Any CPU.ActiveCfg = Release|Any CPU
		{476CE90D-C7A7-41F0-87DA-A003F46819D8}.Release|Any CPU.Build.0 = Release|Any CPU
		{C998A2AC-BD65-4DA3-8C04-B43C63988362}.Debug|Any CPU.ActiveCfg = Debug|Any CPU
		{C998A2AC-BD65-4DA3-8C04-B43C63988362}.Debug|Any CPU.Build.0 = Debug|Any CPU
		{C998A2AC-BD65-4DA3-8C04-B43C63988362}.Release|Any CPU.ActiveCfg = Release|Any CPU
		{C998A2AC-BD65-4DA3-8C04-B43C63988362}.Release|Any CPU.Build.0 = Release|Any CPU
	EndGlobalSection
	GlobalSection(SolutionProperties) = preSolution
		HideSolutionNode = FALSE
	EndGlobalSection
	GlobalSection(ExtensibilityGlobals) = postSolution
		SolutionGuid = {0F03F270-486F-4B8A-8016-1F9656D4F709}
	EndGlobalSection
EndGlobal
