
Microsoft Visual Studio Solution File, Format Version 12.00
# Visual Studio Version 16
VisualStudioVersion = 16.0.31624.102
MinimumVisualStudioVersion = 10.0.40219.1
Project("{FAE04EC0-301F-11D3-BF4B-00C04F79EFBC}") = "Zongsoft.Messaging.Mqtt", "src\Zongsoft.Messaging.Mqtt.csproj", "{66A47B19-9EB2-4C52-B065-4B2A8060745A}"
EndProject
Global
	GlobalSection(SolutionConfigurationPlatforms) = preSolution
		Debug|Any CPU = Debug|Any CPU
		Release|Any CPU = Release|Any CPU
	EndGlobalSection
	GlobalSection(ProjectConfigurationPlatforms) = postSolution
		{66A47B19-9EB2-4C52-B065-4B2A8060745A}.Debug|Any CPU.ActiveCfg = Debug|Any CPU
		{66A47B19-9EB2-4C52-B065-4B2A8060745A}.Debug|Any CPU.Build.0 = Debug|Any CPU
		{66A47B19-9EB2-4C52-B065-4B2A8060745A}.Release|Any CPU.ActiveCfg = Release|Any CPU
		{66A47B19-9EB2-4C52-B065-4B2A8060745A}.Release|Any CPU.Build.0 = Release|Any CPU
	EndGlobalSection
	GlobalSection(SolutionProperties) = preSolution
		HideSolutionNode = FALSE
	EndGlobalSection
	GlobalSection(ExtensibilityGlobals) = postSolution
		SolutionGuid = {0F03F270-486F-4B8A-8016-1F9656D4F709}
	EndGlobalSection
EndGlobal
