
Microsoft Visual Studio Solution File, Format Version 12.00
# Visual Studio Version 16
VisualStudioVersion = 16.0.30611.23
MinimumVisualStudioVersion = 10.0.40219.1
Project("{9A19103F-16F7-4668-BE54-9A1E7A4F7556}") = "Zongsoft.Scheduling", "src\Zongsoft.Scheduling.csproj", "{007C7F85-835C-4330-A4ED-55EE8A925A1D}"
EndProject
Project("{FAE04EC0-301F-11D3-BF4B-00C04F79EFBC}") = "Zongsoft.Scheduling.Cron", "cron\Zongsoft.Scheduling.Cron.csproj", "{DCC1FC76-91F9-4B31-8F79-F4A44D278A28}"
EndProject
Global
	GlobalSection(SolutionConfigurationPlatforms) = preSolution
		Debug|Any CPU = Debug|Any CPU
		Release|Any CPU = Release|Any CPU
	EndGlobalSection
	GlobalSection(ProjectConfigurationPlatforms) = postSolution
		{007C7F85-835C-4330-A4ED-55EE8A925A1D}.Debug|Any CPU.ActiveCfg = Debug|Any CPU
		{007C7F85-835C-4330-A4ED-55EE8A925A1D}.Debug|Any CPU.Build.0 = Debug|Any CPU
		{007C7F85-835C-4330-A4ED-55EE8A925A1D}.Release|Any CPU.ActiveCfg = Release|Any CPU
		{007C7F85-835C-4330-A4ED-55EE8A925A1D}.Release|Any CPU.Build.0 = Release|Any CPU
		{DCC1FC76-91F9-4B31-8F79-F4A44D278A28}.Debug|Any CPU.ActiveCfg = Debug|Any CPU
		{DCC1FC76-91F9-4B31-8F79-F4A44D278A28}.Debug|Any CPU.Build.0 = Debug|Any CPU
		{DCC1FC76-91F9-4B31-8F79-F4A44D278A28}.Release|Any CPU.ActiveCfg = Release|Any CPU
		{DCC1FC76-91F9-4B31-8F79-F4A44D278A28}.Release|Any CPU.Build.0 = Release|Any CPU
	EndGlobalSection
	GlobalSection(SolutionProperties) = preSolution
		HideSolutionNode = FALSE
	EndGlobalSection
	GlobalSection(ExtensibilityGlobals) = postSolution
		SolutionGuid = {E2F7670E-155C-4134-8282-52490B332797}
	EndGlobalSection
EndGlobal
