
Microsoft Visual Studio Solution File, Format Version 12.00
# Visual Studio Version 17
VisualStudioVersion = 17.6.33927.249
MinimumVisualStudioVersion = 10.0.40219.1
Project("{9A19103F-16F7-4668-BE54-9A1E7A4F7556}") = "Zongsoft.Hosting.Web", "Zongsoft.Hosting.Web.csproj", "{ED7C225F-4F2B-4445-BC9F-C80BEB346BCA}"
EndProject
Project("{2150E333-8FDC-42A3-9474-1A3956D46DE8}") = "deployment", "deployment", "{9228FB21-FFF2-40D9-8BA1-705AEDF9B9CB}"
	ProjectSection(SolutionItems) = preProject
		.deploy = .deploy
		build.cake = build.cake
		deploy-development.cmd = deploy-development.cmd
		deploy-development.sh = deploy-development.sh
		deploy-production.cmd = deploy-production.cmd
		deploy-production.sh = deploy-production.sh
		deploy-test.cmd = deploy-test.cmd
		deploy-test.sh = deploy-test.sh
		deploy.cmd = deploy.cmd
		deploy.sh = deploy.sh
	EndProjectSection
EndProject
Project("{2150E333-8FDC-42A3-9474-1A3956D46DE8}") = "guidelines", "guidelines", "{03206F72-D773-4FA4-A81A-4E89A17C5944}"
	ProjectSection(SolutionItems) = preProject
		..\..\.editorconfig = ..\..\.editorconfig
	EndProjectSection
EndProject
Global
	GlobalSection(SolutionConfigurationPlatforms) = preSolution
		Debug|Any CPU = Debug|Any CPU
		Release|Any CPU = Release|Any CPU
	EndGlobalSection
	GlobalSection(ProjectConfigurationPlatforms) = postSolution
		{ED7C225F-4F2B-4445-BC9F-C80BEB346BCA}.Debug|Any CPU.ActiveCfg = Debug|Any CPU
		{ED7C225F-4F2B-4445-BC9F-C80BEB346BCA}.Debug|Any CPU.Build.0 = Debug|Any CPU
		{ED7C225F-4F2B-4445-BC9F-C80BEB346BCA}.Release|Any CPU.ActiveCfg = Release|Any CPU
		{ED7C225F-4F2B-4445-BC9F-C80BEB346BCA}.Release|Any CPU.Build.0 = Release|Any CPU
	EndGlobalSection
	GlobalSection(SolutionProperties) = preSolution
		HideSolutionNode = FALSE
	EndGlobalSection
	GlobalSection(ExtensibilityGlobals) = postSolution
		SolutionGuid = {A9AB745B-6835-4508-8A61-8577C140AAC3}
	EndGlobalSection
EndGlobal
