
Microsoft Visual Studio Solution File, Format Version 12.00
# Visual Studio Version 17
VisualStudioVersion = 17.3.32922.545
MinimumVisualStudioVersion = 10.0.40219.1
Project("{FAE04EC0-301F-11D3-BF4B-00C04F79EFBC}") = "Zongsoft.Data.SQLite", "src\Zongsoft.Data.SQLite.csproj", "{F251CDE8-D5FD-4C8F-B2D4-96B9EEA5BB4A}"
EndProject
Project("{FAE04EC0-301F-11D3-BF4B-00C04F79EFBC}") = "Zongsoft.Data.SQLite.Tests", "test\Zongsoft.Data.SQLite.Tests.csproj", "{09493440-BA38-4919-A1D2-7CB245F76E6C}"
EndProject
Global
	GlobalSection(SolutionConfigurationPlatforms) = preSolution
		Debug|Any CPU = Debug|Any CPU
		Release|Any CPU = Release|Any CPU
	EndGlobalSection
	GlobalSection(ProjectConfigurationPlatforms) = postSolution
		{F251CDE8-D5FD-4C8F-B2D4-96B9EEA5BB4A}.Debug|Any CPU.ActiveCfg = Debug|Any CPU
		{F251CDE8-D5FD-4C8F-B2D4-96B9EEA5BB4A}.Debug|Any CPU.Build.0 = Debug|Any CPU
		{F251CDE8-D5FD-4C8F-B2D4-96B9EEA5BB4A}.Release|Any CPU.ActiveCfg = Release|Any CPU
		{F251CDE8-D5FD-4C8F-B2D4-96B9EEA5BB4A}.Release|Any CPU.Build.0 = Release|Any CPU
		{09493440-BA38-4919-A1D2-7CB245F76E6C}.Debug|Any CPU.ActiveCfg = Debug|Any CPU
		{09493440-BA38-4919-A1D2-7CB245F76E6C}.Debug|Any CPU.Build.0 = Debug|Any CPU
		{09493440-BA38-4919-A1D2-7CB245F76E6C}.Release|Any CPU.ActiveCfg = Release|Any CPU
		{09493440-BA38-4919-A1D2-7CB245F76E6C}.Release|Any CPU.Build.0 = Release|Any CPU
	EndGlobalSection
	GlobalSection(SolutionProperties) = preSolution
		HideSolutionNode = FALSE
	EndGlobalSection
	GlobalSection(ExtensibilityGlobals) = postSolution
		SolutionGuid = {9F793484-4322-42F2-BEDB-D95CA04B4C56}
	EndGlobalSection
EndGlobal
