
Microsoft Visual Studio Solution File, Format Version 12.00
# Visual Studio Version 16
VisualStudioVersion = 16.0.29728.190
MinimumVisualStudioVersion = 10.0.40219.1
Project("{FAE04EC0-301F-11D3-BF4B-00C04F79EFBC}") = "Zongsoft.Hosting.Terminal", "Zongsoft.Hosting.Terminal.csproj", "{527271F8-8E05-4B3B-A251-937F4249640F}"
EndProject
Global
	GlobalSection(SolutionConfigurationPlatforms) = preSolution
		Debug|Any CPU = Debug|Any CPU
		Release|Any CPU = Release|Any CPU
	EndGlobalSection
	GlobalSection(ProjectConfigurationPlatforms) = postSolution
		{527271F8-8E05-4B3B-A251-937F4249640F}.Debug|Any CPU.ActiveCfg = Debug|Any CPU
		{527271F8-8E05-4B3B-A251-937F4249640F}.Debug|Any CPU.Build.0 = Debug|Any CPU
		{527271F8-8E05-4B3B-A251-937F4249640F}.Release|Any CPU.ActiveCfg = Release|Any CPU
		{527271F8-8E05-4B3B-A251-937F4249640F}.Release|Any CPU.Build.0 = Release|Any CPU
	EndGlobalSection
	GlobalSection(SolutionProperties) = preSolution
		HideSolutionNode = FALSE
	EndGlobalSection
	GlobalSection(ExtensibilityGlobals) = postSolution
		SolutionGuid = {88382FC6-768F-4C91-90B8-BFB3FAB7B2DB}
	EndGlobalSection
EndGlobal
