
Microsoft Visual Studio Solution File, Format Version 12.00
# Visual Studio Version 17
VisualStudioVersion = 17.6.33927.249
MinimumVisualStudioVersion = 10.0.40219.1
Project("{9A19103F-16F7-4668-BE54-9A1E7A4F7556}") = "Zongsoft.Hosting.Terminal", "Zongsoft.Hosting.Terminal.csproj", "{527271F8-8E05-4B3B-A251-937F4249640F}"
EndProject
Project("{2150E333-8FDC-42A3-9474-1A3956D46DE8}") = "deployment", "deployment", "{562B5BFB-0144-43B9-8B4B-0037511DE00C}"
	ProjectSection(SolutionItems) = preProject
		.deploy = .deploy
		build.cake = build.cake
		deploy-development.cmd = deploy-development.cmd
		deploy-development.sh = deploy-development.sh
		deploy-production.cmd = deploy-production.cmd
		deploy-production.sh = deploy-production.sh
		deploy-test.cmd = deploy-test.cmd
		deploy-test.sh = deploy-test.sh
		deploy.cmd = deploy.cmd
		deploy.sh = deploy.sh
	EndProjectSection
EndProject
Project("{2150E333-8FDC-42A3-9474-1A3956D46DE8}") = "guidelines", "guidelines", "{97DB1F98-1B30-4C24-9ADD-86752CCC4CA0}"
	ProjectSection(SolutionItems) = preProject
		..\..\.editorconfig = ..\..\.editorconfig
	EndProjectSection
EndProject
Global
	GlobalSection(SolutionConfigurationPlatforms) = preSolution
		Debug|Any CPU = Debug|Any CPU
		Release|Any CPU = Release|Any CPU
	EndGlobalSection
	GlobalSection(ProjectConfigurationPlatforms) = postSolution
		{527271F8-8E05-4B3B-A251-937F4249640F}.Debug|Any CPU.ActiveCfg = Debug|Any CPU
		{527271F8-8E05-4B3B-A251-937F4249640F}.Debug|Any CPU.Build.0 = Debug|Any CPU
		{527271F8-8E05-4B3B-A251-937F4249640F}.Release|Any CPU.ActiveCfg = Release|Any CPU
		{527271F8-8E05-4B3B-A251-937F4249640F}.Release|Any CPU.Build.0 = Release|Any CPU
	EndGlobalSection
	GlobalSection(SolutionProperties) = preSolution
		HideSolutionNode = FALSE
	EndGlobalSection
	GlobalSection(ExtensibilityGlobals) = postSolution
		SolutionGuid = {88382FC6-768F-4C91-90B8-BFB3FAB7B2DB}
	EndGlobalSection
EndGlobal
