
Microsoft Visual Studio Solution File, Format Version 12.00
# Visual Studio Version 17
VisualStudioVersion = 17.12.35527.113
MinimumVisualStudioVersion = 10.0.40219.1
Project("{FAE04EC0-301F-11D3-BF4B-00C04F79EFBC}") = "Zongsoft.Diagnostics", "src\Zongsoft.Diagnostics.csproj", "{6DCE1B12-FFE6-4FAF-93E6-F7ED0F387947}"
EndProject
Project("{FAE04EC0-301F-11D3-BF4B-00C04F79EFBC}") = "Zongsoft.Diagnostics.Protocols.Client", "protocols\client\src\Zongsoft.Diagnostics.Protocols.Client.csproj", "{5C06CD0A-8A52-52F2-8E53-73BE3BA06D8A}"
EndProject
Project("{FAE04EC0-301F-11D3-BF4B-00C04F79EFBC}") = "Zongsoft.Diagnostics.Protocols.Server", "protocols\server\src\Zongsoft.Diagnostics.Protocols.Server.csproj", "{6DA890D2-3DFC-FF44-F0B7-8C2026E8F2F2}"
EndProject
Global
	GlobalSection(SolutionConfigurationPlatforms) = preSolution
		Debug|Any CPU = Debug|Any CPU
		Release|Any CPU = Release|Any CPU
	EndGlobalSection
	GlobalSection(ProjectConfigurationPlatforms) = postSolution
		{6DCE1B12-FFE6-4FAF-93E6-F7ED0F387947}.Debug|Any CPU.ActiveCfg = Debug|Any CPU
		{6DCE1B12-FFE6-4FAF-93E6-F7ED0F387947}.Debug|Any CPU.Build.0 = Debug|Any CPU
		{6DCE1B12-FFE6-4FAF-93E6-F7ED0F387947}.Release|Any CPU.ActiveCfg = Release|Any CPU
		{6DCE1B12-FFE6-4FAF-93E6-F7ED0F387947}.Release|Any CPU.Build.0 = Release|Any CPU
		{5C06CD0A-8A52-52F2-8E53-73BE3BA06D8A}.Debug|Any CPU.ActiveCfg = Debug|Any CPU
		{5C06CD0A-8A52-52F2-8E53-73BE3BA06D8A}.Debug|Any CPU.Build.0 = Debug|Any CPU
		{5C06CD0A-8A52-52F2-8E53-73BE3BA06D8A}.Release|Any CPU.ActiveCfg = Release|Any CPU
		{5C06CD0A-8A52-52F2-8E53-73BE3BA06D8A}.Release|Any CPU.Build.0 = Release|Any CPU
		{6DA890D2-3DFC-FF44-F0B7-8C2026E8F2F2}.Debug|Any CPU.ActiveCfg = Debug|Any CPU
		{6DA890D2-3DFC-FF44-F0B7-8C2026E8F2F2}.Debug|Any CPU.Build.0 = Debug|Any CPU
		{6DA890D2-3DFC-FF44-F0B7-8C2026E8F2F2}.Release|Any CPU.ActiveCfg = Release|Any CPU
		{6DA890D2-3DFC-FF44-F0B7-8C2026E8F2F2}.Release|Any CPU.Build.0 = Release|Any CPU
	EndGlobalSection
	GlobalSection(SolutionProperties) = preSolution
		HideSolutionNode = FALSE
	EndGlobalSection
EndGlobal
