
Microsoft Visual Studio Solution File, Format Version 12.00
# Visual Studio Version 17
VisualStudioVersion = 17.14.36310.24 d17.14
MinimumVisualStudioVersion = 10.0.40219.1
Project("{FAE04EC0-301F-11D3-BF4B-00C04F79EFBC}") = "Zongsoft.Diagnostics.Protocols.Client", "src\Zongsoft.Diagnostics.Protocols.Client.csproj", "{871DCA17-B5D2-4228-8DA1-1B7AB33F3015}"
EndProject
Global
	GlobalSection(SolutionConfigurationPlatforms) = preSolution
		Debug|Any CPU = Debug|Any CPU
		Release|Any CPU = Release|Any CPU
	EndGlobalSection
	GlobalSection(ProjectConfigurationPlatforms) = postSolution
		{871DCA17-B5D2-4228-8DA1-1B7AB33F3015}.Debug|Any CPU.ActiveCfg = Debug|Any CPU
		{871DCA17-B5D2-4228-8DA1-1B7AB33F3015}.Debug|Any CPU.Build.0 = Debug|Any CPU
		{871DCA17-B5D2-4228-8DA1-1B7AB33F3015}.Release|Any CPU.ActiveCfg = Release|Any CPU
		{871DCA17-B5D2-4228-8DA1-1B7AB33F3015}.Release|Any CPU.Build.0 = Release|Any CPU
	EndGlobalSection
	GlobalSection(SolutionProperties) = preSolution
		HideSolutionNode = FALSE
	EndGlobalSection
	GlobalSection(ExtensibilityGlobals) = postSolution
		SolutionGuid = {F9E0AC4B-1D28-434C-8A6F-24AC3EB1DEF8}
	EndGlobalSection
EndGlobal
