
Microsoft Visual Studio Solution File, Format Version 12.00
# Visual Studio Version 16
VisualStudioVersion = 16.0.29613.14
MinimumVisualStudioVersion = 10.0.40219.1
Project("{9A19103F-16F7-4668-BE54-9A1E7A4F7556}") = "Zongsoft.Core", "src\Zongsoft.Core.csproj", "{0019CA4D-A510-4E2A-B918-A4BA57AC5C55}"
EndProject
Project("{9A19103F-16F7-4668-BE54-9A1E7A4F7556}") = "Zongsoft.Core.Tests", "test\Zongsoft.Core.Tests.csproj", "{B3777184-69E6-4BFD-9702-876F33AAB599}"
EndProject
Global
	GlobalSection(SolutionConfigurationPlatforms) = preSolution
		Debug|Any CPU = Debug|Any CPU
		Release|Any CPU = Release|Any CPU
	EndGlobalSection
	GlobalSection(ProjectConfigurationPlatforms) = postSolution
		{0019CA4D-A510-4E2A-B918-A4BA57AC5C55}.Debug|Any CPU.ActiveCfg = Debug|Any CPU
		{0019CA4D-A510-4E2A-B918-A4BA57AC5C55}.Debug|Any CPU.Build.0 = Debug|Any CPU
		{0019CA4D-A510-4E2A-B918-A4BA57AC5C55}.Release|Any CPU.ActiveCfg = Release|Any CPU
		{0019CA4D-A510-4E2A-B918-A4BA57AC5C55}.Release|Any CPU.Build.0 = Release|Any CPU
		{B3777184-69E6-4BFD-9702-876F33AAB599}.Debug|Any CPU.ActiveCfg = Debug|Any CPU
		{B3777184-69E6-4BFD-9702-876F33AAB599}.Debug|Any CPU.Build.0 = Debug|Any CPU
		{B3777184-69E6-4BFD-9702-876F33AAB599}.Release|Any CPU.ActiveCfg = Release|Any CPU
		{B3777184-69E6-4BFD-9702-876F33AAB599}.Release|Any CPU.Build.0 = Release|Any CPU
	EndGlobalSection
	GlobalSection(SolutionProperties) = preSolution
		HideSolutionNode = FALSE
	EndGlobalSection
	GlobalSection(ExtensibilityGlobals) = postSolution
		SolutionGuid = {617BFABA-0F60-45B7-8296-4411604E64A1}
	EndGlobalSection
EndGlobal
